{
  "version": 4,
  "terraform_version": "1.4.6",
  "serial": 1,
  "lineage": "2532d621-14a6-dabc-3ff7-c49ef8c5d1c2",
  "outputs": {},
  "resources": [
    {
      "mode": "managed",
      "type": "aws_s3_bucket",
      "name": "frontendstatic",
      "provider": "provider[\"registry.terraform.io/hashicorp/aws\"]",
      "instances": [
        {
          "status": "tainted",
          "schema_version": 0,
          "attributes": {
            "acceleration_status": null,
            "acl": null,
            "arn": null,
            "bucket": "bucketforstaticsite",
            "bucket_domain_name": null,
            "bucket_prefix": null,
            "bucket_regional_domain_name": null,
            "cors_rule": null,
            "force_destroy": false,
            "grant": [],
            "hosted_zone_id": null,
            "id": "bucketforstaticsite",
            "lifecycle_rule": null,
            "logging": null,
            "object_lock_configuration": null,
            "object_lock_enabled": null,
            "policy": null,
            "region": null,
            "replication_configuration": null,
            "request_payer": null,
            "server_side_encryption_configuration": null,
            "tags": {
              "Name": "examStaticWebsiteBucket"
            },
            "tags_all": {
              "Name": "examStaticWebsiteBucket"
            },
            "timeouts": null,
            "versioning": null,
            "website": [
              {
                "error_document": "",
                "index_document": "frontend/index.html",
                "redirect_all_requests_to": "",
                "routing_rules": ""
              }
            ],
            "website_domain": null,
            "website_endpoint": null
          },
          "sensitive_attributes": [],
          "private": "eyJlMmJmYjczMC1lY2FhLTExZTYtOGY4OC0zNDM2M2JjN2M0YzAiOnsiY3JlYXRlIjoxMjAwMDAwMDAwMDAwLCJkZWxldGUiOjM2MDAwMDAwMDAwMDAsInJlYWQiOjEyMDAwMDAwMDAwMDAsInVwZGF0ZSI6MTIwMDAwMDAwMDAwMH19"
        }
      ]
    },
    {
      "mode": "managed",
      "type": "aws_s3_bucket_acl",
      "name": "frontendstatic",
      "provider": "provider[\"registry.terraform.io/hashicorp/aws\"]",
      "instances": []
    },
    {
      "mode": "managed",
      "type": "aws_s3_bucket_ownership_controls",
      "name": "frontendstatic",
      "provider": "provider[\"registry.terraform.io/hashicorp/aws\"]",
      "instances": []
    },
    {
      "mode": "managed",
      "type": "aws_s3_bucket_public_access_block",
      "name": "frontendstatic",
      "provider": "provider[\"registry.terraform.io/hashicorp/aws\"]",
      "instances": []
    }
  ],
  "check_results": null
}
